# @generated - this file is auto-generated by `mise lock` https://mise.jdx.dev/dev-tools/mise-lock.html

lockfile_version = 2

[[tools.lefthook]]
version = "2.1.6"
backend = "aqua:evilmartians/lefthook"
specifiers = ["latest"]

[tools.lefthook."platforms.linux-arm64"]
checksum = "sha256:f85cc031da8e3571418170ab53f1e6e184a086b58683e13660bd5248974159a4"
url = "https://github.com/evilmartians/lefthook/releases/download/v2.1.6/lefthook_2.1.6_Linux_aarch64.gz"
url_api = "https://api.github.com/repos/evilmartians/lefthook/releases/assets/397603572"
provenance = "github-attestations"

[tools.lefthook."platforms.linux-arm64-musl"]
checksum = "sha256:f85cc031da8e3571418170ab53f1e6e184a086b58683e13660bd5248974159a4"
url = "https://github.com/evilmartians/lefthook/releases/download/v2.1.6/lefthook_2.1.6_Linux_aarch64.gz"
url_api = "https://api.github.com/repos/evilmartians/lefthook/releases/assets/397603572"
provenance = "github-attestations"

[tools.lefthook."platforms.linux-x64"]
checksum = "sha256:fab3d2715a922d9625c9024e6ffb6e1271edd613aa9b213c2049482cde8ae183"
url = "https://github.com/evilmartians/lefthook/releases/download/v2.1.6/lefthook_2.1.6_Linux_x86_64.gz"
url_api = "https://api.github.com/repos/evilmartians/lefthook/releases/assets/397603518"
provenance = "github-attestations"

[tools.lefthook."platforms.linux-x64-musl"]
checksum = "sha256:fab3d2715a922d9625c9024e6ffb6e1271edd613aa9b213c2049482cde8ae183"
url = "https://github.com/evilmartians/lefthook/releases/download/v2.1.6/lefthook_2.1.6_Linux_x86_64.gz"
url_api = "https://api.github.com/repos/evilmartians/lefthook/releases/assets/397603518"
provenance = "github-attestations"

[tools.lefthook."platforms.macos-arm64"]
checksum = "sha256:f07c97c32376749edb5b34179c16c6d87dd3e7ca0040aee911f38c821de0daab"
url = "https://github.com/evilmartians/lefthook/releases/download/v2.1.6/lefthook_2.1.6_MacOS_arm64.gz"
url_api = "https://api.github.com/repos/evilmartians/lefthook/releases/assets/397603541"
provenance = "github-attestations"

[tools.lefthook."platforms.macos-x64"]
checksum = "sha256:93c6d51823f94a7f26a2bbb84f59504378b178f55d6c90744169693ed3e89013"
url = "https://github.com/evilmartians/lefthook/releases/download/v2.1.6/lefthook_2.1.6_MacOS_x86_64.gz"
url_api = "https://api.github.com/repos/evilmartians/lefthook/releases/assets/397603530"
provenance = "github-attestations"

[tools.lefthook."platforms.windows-x64"]
checksum = "sha256:6704b01a72414affcc921740a7d6c621fe60c3082b291c9730900a2c6a352516"
url = "https://github.com/evilmartians/lefthook/releases/download/v2.1.6/lefthook_2.1.6_Windows_x86_64.gz"
url_api = "https://api.github.com/repos/evilmartians/lefthook/releases/assets/397603542"
provenance = "github-attestations"

[[tools.node]]
version = "24.21.0"
backend = "core:node"
specifiers = ["24"]

[tools.node."platforms.linux-arm64"]
checksum = "sha256:724282c3b43aec998aa9527380465b45d229e021b58035f5f4f63095eabfe5d5"
url = "https://nodejs.org/dist/v24.21.0/node-v24.21.0-linux-arm64.tar.gz"

[tools.node."platforms.linux-arm64-musl"]
checksum = "sha256:3048b0811e158ca0d8672b59c839861763e144492980d8d29b369dfee45747e4"
url = "https://unofficial-builds.nodejs.org/download/release/v24.21.0/node-v24.21.0-linux-arm64-musl.tar.gz"

[tools.node."platforms.linux-x64"]
checksum = "sha256:6e1db87ef58b8819e5d5402eff1536491b18edd8eb7bee5ef7897876e88dc5ff"
url = "https://nodejs.org/dist/v24.21.0/node-v24.21.0-linux-x64.tar.gz"

[tools.node."platforms.linux-x64-musl"]
checksum = "sha256:01a713e34da98e7b4d2a3191ee7ca3f93dd0384d1a2ef23c379b2161ee6e133a"
url = "https://unofficial-builds.nodejs.org/download/release/v24.21.0/node-v24.21.0-linux-x64-musl.tar.gz"

[tools.node."platforms.macos-arm64"]
checksum = "sha256:bed7eea5325e1108f32ce5228ddd6a5f0f08a499ee42aa7442aea583702f6057"
url = "https://nodejs.org/dist/v24.21.0/node-v24.21.0-darwin-arm64.tar.gz"

[tools.node."platforms.macos-x64"]
checksum = "sha256:1462cb3b3046b815cf8ea436d3da450ec1a9f11dac7e5a46b0ada5305d7e8097"
url = "https://nodejs.org/dist/v24.21.0/node-v24.21.0-darwin-x64.tar.gz"

[tools.node."platforms.windows-x64"]
checksum = "sha256:158f7685b44de51f6c0df1d153526cbcd3e1bc739a8dfc607721cef75de9e541"
url = "https://nodejs.org/dist/v24.21.0/node-v24.21.0-win-x64.zip"
